
Microsoft Visual Studio Solution File, Format Version 12.00
# Visual Studio Version 16
VisualStudioVersion = 16.0.36631.11
MinimumVisualStudioVersion = 10.0.40219.1
Project("{FAE04EC0-301F-11D3-BF4B-00C04F79EFBC}") = "StudentManagement", "StudentManagement\StudentManagement.csproj", "{49ED0DE5-B6E8-4E29-8BFF-94386534C3B0}"
EndProject
Global
	GlobalSection(SolutionConfigurationPlatforms) = preSolution
		Debug|Any CPU = Debug|Any CPU
		Release|Any CPU = Release|Any CPU
	EndGlobalSection
	GlobalSection(ProjectConfigurationPlatforms) = postSolution
		{49ED0DE5-B6E8-4E29-8BFF-94386534C3B0}.Debug|Any CPU.ActiveCfg = Debug|Any CPU
		{49ED0DE5-B6E8-4E29-8BFF-94386534C3B0}.Debug|Any CPU.Build.0 = Debug|Any CPU
		{49ED0DE5-B6E8-4E29-8BFF-94386534C3B0}.Release|Any CPU.ActiveCfg = Release|Any CPU
		{49ED0DE5-B6E8-4E29-8BFF-94386534C3B0}.Release|Any CPU.Build.0 = Release|Any CPU
	EndGlobalSection
	GlobalSection(SolutionProperties) = preSolution
		HideSolutionNode = FALSE
	EndGlobalSection
	GlobalSection(ExtensibilityGlobals) = postSolution
		SolutionGuid = {06BB3E55-2171-4CF7-B19A-1919A3A714A4}
	EndGlobalSection
EndGlobal
